
Microsoft Visual Studio Solution File, Format Version 12.00
# Visual Studio Version 16
VisualStudioVersion = 16.0.30621.155
MinimumVisualStudioVersion = 10.0.40219.1
Project("{9A19103F-16F7-4668-BE54-9A1E7A4F7556}") = "Det hemliga talet, del 1", "Det hemliga talet, del 1.csproj", "{B693AFDF-CFF1-4E09-8F6B-6D161AFE4CC3}"
EndProject
Global
	GlobalSection(SolutionConfigurationPlatforms) = preSolution
		Debug|Any CPU = Debug|Any CPU
		Release|Any CPU = Release|Any CPU
	EndGlobalSection
	GlobalSection(ProjectConfigurationPlatforms) = postSolution
		{B693AFDF-CFF1-4E09-8F6B-6D161AFE4CC3}.Debug|Any CPU.ActiveCfg = Debug|Any CPU
		{B693AFDF-CFF1-4E09-8F6B-6D161AFE4CC3}.Debug|Any CPU.Build.0 = Debug|Any CPU
		{B693AFDF-CFF1-4E09-8F6B-6D161AFE4CC3}.Release|Any CPU.ActiveCfg = Release|Any CPU
		{B693AFDF-CFF1-4E09-8F6B-6D161AFE4CC3}.Release|Any CPU.Build.0 = Release|Any CPU
	EndGlobalSection
	GlobalSection(SolutionProperties) = preSolution
		HideSolutionNode = FALSE
	EndGlobalSection
	GlobalSection(ExtensibilityGlobals) = postSolution
		SolutionGuid = {E9B08770-592A-46B0-B159-DB5FE4318D64}
	EndGlobalSection
EndGlobal
